
Microsoft Visual Studio Solution File, Format Version 12.00
# Visual Studio Version 17
VisualStudioVersion = 17.14.37411.7 d17.14
MinimumVisualStudioVersion = 10.0.40219.1
Project("{FAE04EC0-301F-11D3-BF4B-00C04F79EFBC}") = "StockFlow", "StockFlow.csproj", "{D545C58D-8037-4431-9254-3ED842677073}"
EndProject
Global
	GlobalSection(SolutionConfigurationPlatforms) = preSolution
		Debug|Any CPU = Debug|Any CPU
		Release|Any CPU = Release|Any CPU
	EndGlobalSection
	GlobalSection(ProjectConfigurationPlatforms) = postSolution
		{D545C58D-8037-4431-9254-3ED842677073}.Debug|Any CPU.ActiveCfg = Debug|Any CPU
		{D545C58D-8037-4431-9254-3ED842677073}.Debug|Any CPU.Build.0 = Debug|Any CPU
		{D545C58D-8037-4431-9254-3ED842677073}.Release|Any CPU.ActiveCfg = Release|Any CPU
		{D545C58D-8037-4431-9254-3ED842677073}.Release|Any CPU.Build.0 = Release|Any CPU
	EndGlobalSection
	GlobalSection(SolutionProperties) = preSolution
		HideSolutionNode = FALSE
	EndGlobalSection
	GlobalSection(ExtensibilityGlobals) = postSolution
		SolutionGuid = {CBE7C2D3-1C61-487E-8A74-B09E41547C3B}
	EndGlobalSection
EndGlobal
